
Microsoft Visual Studio Solution File, Format Version 12.00
# Visual Studio Version 17
VisualStudioVersion = 17.5.33502.453
MinimumVisualStudioVersion = 10.0.40219.1
Project("{FAE04EC0-301F-11D3-BF4B-00C04F79EFBC}") = "PeacePart2", "PeacePart2\PeacePart2.csproj", "{78DBCB12-AC23-445A-817C-1CFA7AC13560}"
EndProject
Project("{2150E333-8FDC-42A3-9474-1A3956D46DE8}") = "Solution Items", "Solution Items", "{3A3B4100-2DA5-401F-8DB0-443CFAD8D27B}"
EndProject
Global
	GlobalSection(SolutionConfigurationPlatforms) = preSolution
		Debug|Any CPU = Debug|Any CPU
		Release|Any CPU = Release|Any CPU
	EndGlobalSection
	GlobalSection(ProjectConfigurationPlatforms) = postSolution
		{78DBCB12-AC23-445A-817C-1CFA7AC13560}.Debug|Any CPU.ActiveCfg = Debug|Any CPU
		{78DBCB12-AC23-445A-817C-1CFA7AC13560}.Debug|Any CPU.Build.0 = Debug|Any CPU
		{78DBCB12-AC23-445A-817C-1CFA7AC13560}.Release|Any CPU.ActiveCfg = Release|Any CPU
		{78DBCB12-AC23-445A-817C-1CFA7AC13560}.Release|Any CPU.Build.0 = Release|Any CPU
	EndGlobalSection
	GlobalSection(SolutionProperties) = preSolution
		HideSolutionNode = FALSE
	EndGlobalSection
	GlobalSection(ExtensibilityGlobals) = postSolution
		SolutionGuid = {4B78ADF1-E13B-4674-BA87-3F748D2AA5F7}
	EndGlobalSection
EndGlobal
